{
  "socketPath": "/tmp/mcp-VsoTpr/mcp.sock",
  "scheme": "unix",
  "headers": {
    "Authorization": "Nonce 5f1ca19d-ebb5-4a38-bda5-c57b5dec730c"
  },
  "pid": 17806,
  "ideName": "Lightning Studio",
  "timestamp": 1789696595464,
  "workspaceFolders": [
    "/teamspace/studios/this_studio"
  ],
  "isTrusted": true
}